// !$*UTF8*$!
{
	archiveVersion = 1;
	classes = {
	};
	objectVersion = 48;
	objects = {

/* Begin PBXBuildFile section */
		04C51369206D6E0100839B15 /* RootViewController.swift in Sources */ = {isa = PBXBuildFile; fileRef = 04C51368206D6E0000839B15 /* RootViewController.swift */; };
		04C5136B206D6EBE00839B15 /* ItemsVC.swift in Sources */ = {isa = PBXBuildFile; fileRef = 04C5136A206D6EBE00839B15 /* ItemsVC.swift */; };
		04E159E42029BC4900AE9D1A /* Assets.xcassets in Resources */ = {isa = PBXBuildFile; fileRef = 04E159E32029BC4900AE9D1A /* Assets.xcassets */; };
		04E159F32029BD3600AE9D1A /* Info.plist in Resources */ = {isa = PBXBuildFile; fileRef = 04E159EF2029BD3600AE9D1A /* Info.plist */; };
		04E159F42029BD3600AE9D1A /* AppDelegate.swift in Sources */ = {isa = PBXBuildFile; fileRef = 04E159F02029BD3600AE9D1A /* AppDelegate.swift */; };
		04E159F52029BD3600AE9D1A /* QRCodeViewController.swift in Sources */ = {isa = PBXBuildFile; fileRef = 04E159F12029BD3600AE9D1A /* QRCodeViewController.swift */; };
		04E159F62029BD3600AE9D1A /* QRScannerController.swift in Sources */ = {isa = PBXBuildFile; fileRef = 04E159F22029BD3600AE9D1A /* QRScannerController.swift */; };
		04E159FB2029BD4100AE9D1A /* LaunchScreen.storyboard in Resources */ = {isa = PBXBuildFile; fileRef = 04E159F72029BD4100AE9D1A /* LaunchScreen.storyboard */; };
		04E159FC2029BD4100AE9D1A /* Main.storyboard in Resources */ = {isa = PBXBuildFile; fileRef = 04E159F92029BD4100AE9D1A /* Main.storyboard */; };
		1D7D909ECB24C8C6A030A5F8 /* Pods_barCodes.framework in Frameworks */ = {isa = PBXBuildFile; fileRef = 6C60994A02E7A6A3306E1F0D /* Pods_barCodes.framework */; };
/* End PBXBuildFile section */

/* Begin PBXFileReference section */
		04C51368206D6E0000839B15 /* RootViewController.swift */ = {isa = PBXFileReference; lastKnownFileType = sourcecode.swift; path = RootViewController.swift; sourceTree = "<group>"; };
		04C5136A206D6EBE00839B15 /* ItemsVC.swift */ = {isa = PBXFileReference; lastKnownFileType = sourcecode.swift; path = ItemsVC.swift; sourceTree = "<group>"; };
		04E159D92029BC4800AE9D1A /* barCodes.app */ = {isa = PBXFileReference; explicitFileType = wrapper.application; includeInIndex = 0; path = barCodes.app; sourceTree = BUILT_PRODUCTS_DIR; };
		04E159E32029BC4900AE9D1A /* Assets.xcassets */ = {isa = PBXFileReference; lastKnownFileType = folder.assetcatalog; path = Assets.xcassets; sourceTree = "<group>"; };
		04E159EE2029BD3600AE9D1A /* barCodes-Bridging-Header.h */ = {isa = PBXFileReference; lastKnownFileType = sourcecode.c.h; path = "barCodes-Bridging-Header.h"; sourceTree = "<group>"; };
		04E159EF2029BD3600AE9D1A /* Info.plist */ = {isa = PBXFileReference; fileEncoding = 4; lastKnownFileType = text.plist.xml; path = Info.plist; sourceTree = "<group>"; };
		04E159F02029BD3600AE9D1A /* AppDelegate.swift */ = {isa = PBXFileReference; fileEncoding = 4; lastKnownFileType = sourcecode.swift; path = AppDelegate.swift; sourceTree = "<group>"; };
		04E159F12029BD3600AE9D1A /* QRCodeViewController.swift */ = {isa = PBXFileReference; fileEncoding = 4; lastKnownFileType = sourcecode.swift; path = QRCodeViewController.swift; sourceTree = "<group>"; };
		04E159F22029BD3600AE9D1A /* QRScannerController.swift */ = {isa = PBXFileReference; fileEncoding = 4; lastKnownFileType = sourcecode.swift; path = QRScannerController.swift; sourceTree = "<group>"; };
		04E159F82029BD4100AE9D1A /* Base */ = {isa = PBXFileReference; lastKnownFileType = file.storyboard; name = Base; path = Base.lproj/LaunchScreen.storyboard; sourceTree = "<group>"; };
		04E159FA2029BD4100AE9D1A /* Base */ = {isa = PBXFileReference; lastKnownFileType = file.storyboard; name = Base; path = Base.lproj/Main.storyboard; sourceTree = "<group>"; };
		6C60994A02E7A6A3306E1F0D /* Pods_barCodes.framework */ = {isa = PBXFileReference; explicitFileType = wrapper.framework; includeInIndex = 0; path = Pods_barCodes.framework; sourceTree = BUILT_PRODUCTS_DIR; };
		817F9CD971A09AC0CF8A5450 /* Pods-barCodes.release.xcconfig */ = {isa = PBXFileReference; includeInIndex = 1; lastKnownFileType = text.xcconfig; name = "Pods-barCodes.release.xcconfig"; path = "Pods/Target Support Files/Pods-barCodes/Pods-barCodes.release.xcconfig"; sourceTree = "<group>"; };
		CAAEAF69095309D5710AB431 /* Pods-barCodes.debug.xcconfig */ = {isa = PBXFileReference; includeInIndex = 1; lastKnownFileType = text.xcconfig; name = "Pods-barCodes.debug.xcconfig"; path = "Pods/Target Support Files/Pods-barCodes/Pods-barCodes.debug.xcconfig"; sourceTree = "<group>"; };
/* End PBXFileReference section */

/* Begin PBXFrameworksBuildPhase section */
		04E159D62029BC4800AE9D1A /* Frameworks */ = {
			isa = PBXFrameworksBuildPhase;
			buildActionMask = 2147483647;
			files = (
				1D7D909ECB24C8C6A030A5F8 /* Pods_barCodes.framework in Frameworks */,
			);
			runOnlyForDeploymentPostprocessing = 0;
		};
/* End PBXFrameworksBuildPhase section */

/* Begin PBXGroup section */
		04E159D02029BC4800AE9D1A = {
			isa = PBXGroup;
			children = (
				04E159DB2029BC4800AE9D1A /* barCodes */,
				04E159DA2029BC4800AE9D1A /* Products */,
				AE1904F87310C79DCB91D204 /* Pods */,
				3707AEC12A721999422C25B7 /* Frameworks */,
			);
			sourceTree = "<group>";
		};
		04E159DA2029BC4800AE9D1A /* Products */ = {
			isa = PBXGroup;
			children = (
				04E159D92029BC4800AE9D1A /* barCodes.app */,
			);
			name = Products;
			sourceTree = "<group>";
		};
		04E159DB2029BC4800AE9D1A /* barCodes */ = {
			isa = PBXGroup;
			children = (
				04E159F72029BD4100AE9D1A /* LaunchScreen.storyboard */,
				04E159F92029BD4100AE9D1A /* Main.storyboard */,
				04E159F02029BD3600AE9D1A /* AppDelegate.swift */,
				04E159EF2029BD3600AE9D1A /* Info.plist */,
				04E159F12029BD3600AE9D1A /* QRCodeViewController.swift */,
				04E159F22029BD3600AE9D1A /* QRScannerController.swift */,
				04E159E32029BC4900AE9D1A /* Assets.xcassets */,
				04E159EE2029BD3600AE9D1A /* barCodes-Bridging-Header.h */,
				04C51368206D6E0000839B15 /* RootViewController.swift */,
				04C5136A206D6EBE00839B15 /* ItemsVC.swift */,
			);
			path = barCodes;
			sourceTree = "<group>";
		};
		3707AEC12A721999422C25B7 /* Frameworks */ = {
			isa = PBXGroup;
			children = (
				6C60994A02E7A6A3306E1F0D /* Pods_barCodes.framework */,
			);
			name = Frameworks;
			sourceTree = "<group>";
		};
		AE1904F87310C79DCB91D204 /* Pods */ = {
			isa = PBXGroup;
			children = (
				CAAEAF69095309D5710AB431 /* Pods-barCodes.debug.xcconfig */,
				817F9CD971A09AC0CF8A5450 /* Pods-barCodes.release.xcconfig */,
			);
			name = Pods;
			sourceTree = "<group>";
		};
/* End PBXGroup section */

/* Begin PBXNativeTarget section */
		04E159D82029BC4800AE9D1A /* barCodes */ = {
			isa = PBXNativeTarget;
			buildConfigurationList = 04E159EB2029BC4900AE9D1A /* Build configuration list for PBXNativeTarget "barCodes" */;
			buildPhases = (
				4C5FAA56B28767913D068CCB /* [CP] Check Pods Manifest.lock */,
				04E159D52029BC4800AE9D1A /* Sources */,
				04E159D62029BC4800AE9D1A /* Frameworks */,
				04E159D72029BC4800AE9D1A /* Resources */,
				AADDB4ABFBFC1E6780B77FD0 /* [CP] Embed Pods Frameworks */,
				7B94382158816919ECF3BA58 /* [CP] Copy Pods Resources */,
			);
			buildRules = (
			);
			dependencies = (
			);
			name = barCodes;
			productName = barCodes;
			productReference = 04E159D92029BC4800AE9D1A /* barCodes.app */;
			productType = "com.apple.product-type.application";
		};
/* End PBXNativeTarget section */

/* Begin PBXProject section */
		04E159D12029BC4800AE9D1A /* Project object */ = {
			isa = PBXProject;
			attributes = {
				LastSwiftUpdateCheck = 0920;
				LastUpgradeCheck = 0920;
				ORGANIZATIONNAME = NG;
				TargetAttributes = {
					04E159D82029BC4800AE9D1A = {
						CreatedOnToolsVersion = 9.2;
						LastSwiftMigration = 0920;
						ProvisioningStyle = Automatic;
					};
				};
			};
			buildConfigurationList = 04E159D42029BC4800AE9D1A /* Build configuration list for PBXProject "barCodes" */;
			compatibilityVersion = "Xcode 8.0";
			developmentRegion = en;
			hasScannedForEncodings = 0;
			knownRegions = (
				en,
				Base,
			);
			mainGroup = 04E159D02029BC4800AE9D1A;
			productRefGroup = 04E159DA2029BC4800AE9D1A /* Products */;
			projectDirPath = "";
			projectRoot = "";
			targets = (
				04E159D82029BC4800AE9D1A /* barCodes */,
			);
		};
/* End PBXProject section */

/* Begin PBXResourcesBuildPhase section */
		04E159D72029BC4800AE9D1A /* Resources */ = {
			isa = PBXResourcesBuildPhase;
			buildActionMask = 2147483647;
			files = (
				04E159FB2029BD4100AE9D1A /* LaunchScreen.storyboard in Resources */,
				04E159F32029BD3600AE9D1A /* Info.plist in Resources */,
				04E159E42029BC4900AE9D1A /* Assets.xcassets in Resources */,
				04E159FC2029BD4100AE9D1A /* Main.storyboard in Resources */,
			);
			runOnlyForDeploymentPostprocessing = 0;
		};
/* End PBXResourcesBuildPhase section */

/* Begin PBXShellScriptBuildPhase section */
		4C5FAA56B28767913D068CCB /* [CP] Check Pods Manifest.lock */ = {
			isa = PBXShellScriptBuildPhase;
			buildActionMask = 2147483647;
			files = (
			);
			inputPaths = (
				"${PODS_PODFILE_DIR_PATH}/Podfile.lock",
				"${PODS_ROOT}/Manifest.lock",
			);
			name = "[CP] Check Pods Manifest.lock";
			outputPaths = (
				"$(DERIVED_FILE_DIR)/Pods-barCodes-checkManifestLockResult.txt",
			);
			runOnlyForDeploymentPostprocessing = 0;
			shellPath = /bin/sh;
			shellScript = "diff \"${PODS_PODFILE_DIR_PATH}/Podfile.lock\" \"${PODS_ROOT}/Manifest.lock\" > /dev/null\nif [ $? != 0 ] ; then\n    # print error to STDERR\n    echo \"error: The sandbox is not in sync with the Podfile.lock. Run 'pod install' or update your CocoaPods installation.\" >&2\n    exit 1\nfi\n# This output is used by Xcode 'outputs' to avoid re-running this script phase.\necho \"SUCCESS\" > \"${SCRIPT_OUTPUT_FILE_0}\"\n";
			showEnvVarsInLog = 0;
		};
		7B94382158816919ECF3BA58 /* [CP] Copy Pods Resources */ = {
			isa = PBXShellScriptBuildPhase;
			buildActionMask = 2147483647;
			files = (
			);
			inputPaths = (
			);
			name = "[CP] Copy Pods Resources";
			outputPaths = (
			);
			runOnlyForDeploymentPostprocessing = 0;
			shellPath = /bin/sh;
			shellScript = "\"${SRCROOT}/Pods/Target Support Files/Pods-barCodes/Pods-barCodes-resources.sh\"\n";
			showEnvVarsInLog = 0;
		};
		AADDB4ABFBFC1E6780B77FD0 /* [CP] Embed Pods Frameworks */ = {
			isa = PBXShellScriptBuildPhase;
			buildActionMask = 2147483647;
			files = (
			);
			inputPaths = (
				"${SRCROOT}/Pods/Target Support Files/Pods-barCodes/Pods-barCodes-frameworks.sh",
				"${BUILT_PRODUCTS_DIR}/Alamofire/Alamofire.framework",
				"${BUILT_PRODUCTS_DIR}/PageMenu/PageMenu.framework",
				"${BUILT_PRODUCTS_DIR}/SwiftHTTP/SwiftHTTP.framework",
			);
			name = "[CP] Embed Pods Frameworks";
			outputPaths = (
				"${TARGET_BUILD_DIR}/${FRAMEWORKS_FOLDER_PATH}/Alamofire.framework",
				"${TARGET_BUILD_DIR}/${FRAMEWORKS_FOLDER_PATH}/PageMenu.framework",
				"${TARGET_BUILD_DIR}/${FRAMEWORKS_FOLDER_PATH}/SwiftHTTP.framework",
			);
			runOnlyForDeploymentPostprocessing = 0;
			shellPath = /bin/sh;
			shellScript = "\"${SRCROOT}/Pods/Target Support Files/Pods-barCodes/Pods-barCodes-frameworks.sh\"\n";
			showEnvVarsInLog = 0;
		};
/* End PBXShellScriptBuildPhase section */

/* Begin PBXSourcesBuildPhase section */
		04E159D52029BC4800AE9D1A /* Sources */ = {
			isa = PBXSourcesBuildPhase;
			buildActionMask = 2147483647;
			files = (
				04E159F52029BD3600AE9D1A /* QRCodeViewController.swift in Sources */,
				04E159F42029BD3600AE9D1A /* AppDelegate.swift in Sources */,
				04C51369206D6E0100839B15 /* RootViewController.swift in Sources */,
				04C5136B206D6EBE00839B15 /* ItemsVC.swift in Sources */,
				04E159F62029BD3600AE9D1A /* QRScannerController.swift in Sources */,
			);
			runOnlyForDeploymentPostprocessing = 0;
		};
/* End PBXSourcesBuildPhase section */

/* Begin PBXVariantGroup section */
		04E159F72029BD4100AE9D1A /* LaunchScreen.storyboard */ = {
			isa = PBXVariantGroup;
			children = (
				04E159F82029BD4100AE9D1A /* Base */,
			);
			name = LaunchScreen.storyboard;
			sourceTree = "<group>";
		};
		04E159F92029BD4100AE9D1A /* Main.storyboard */ = {
			isa = PBXVariantGroup;
			children = (
				04E159FA2029BD4100AE9D1A /* Base */,
			);
			name = Main.storyboard;
			sourceTree = "<group>";
		};
/* End PBXVariantGroup section */

/* Begin XCBuildConfiguration section */
		04E159E92029BC4900AE9D1A /* Debug */ = {
			isa = XCBuildConfiguration;
			buildSettings = {
				ALWAYS_SEARCH_USER_PATHS = NO;
				CLANG_ANALYZER_NONNULL = YES;
				CLANG_ANALYZER_NUMBER_OBJECT_CONVERSION = YES_AGGRESSIVE;
				CLANG_CXX_LANGUAGE_STANDARD = "gnu++14";
				CLANG_CXX_LIBRARY = "libc++";
				CLANG_ENABLE_MODULES = YES;
				CLANG_ENABLE_OBJC_ARC = YES;
				CLANG_WARN_BLOCK_CAPTURE_AUTORELEASING = YES;
				CLANG_WARN_BOOL_CONVERSION = YES;
				CLANG_WARN_COMMA = YES;
				CLANG_WARN_CONSTANT_CONVERSION = YES;
				CLANG_WARN_DIRECT_OBJC_ISA_USAGE = YES_ERROR;
				CLANG_WARN_DOCUMENTATION_COMMENTS = YES;
				CLANG_WARN_EMPTY_BODY = YES;
				CLANG_WARN_ENUM_CONVERSION = YES;
				CLANG_WARN_INFINITE_RECURSION = YES;
				CLANG_WARN_INT_CONVERSION = YES;
				CLANG_WARN_NON_LITERAL_NULL_CONVERSION = YES;
				CLANG_WARN_OBJC_LITERAL_CONVERSION = YES;
				CLANG_WARN_OBJC_ROOT_CLASS = YES_ERROR;
				CLANG_WARN_RANGE_LOOP_ANALYSIS = YES;
				CLANG_WARN_STRICT_PROTOTYPES = YES;
				CLANG_WARN_SUSPICIOUS_MOVE = YES;
				CLANG_WARN_UNGUARDED_AVAILABILITY = YES_AGGRESSIVE;
				CLANG_WARN_UNREACHABLE_CODE = YES;
				CLANG_WARN__DUPLICATE_METHOD_MATCH = YES;
				CODE_SIGN_IDENTITY = "iPhone Developer";
				COPY_PHASE_STRIP = NO;
				DEBUG_INFORMATION_FORMAT = dwarf;
				ENABLE_STRICT_OBJC_MSGSEND = YES;
				ENABLE_TESTABILITY = YES;
				GCC_C_LANGUAGE_STANDARD = gnu11;
				GCC_DYNAMIC_NO_PIC = NO;
				GCC_NO_COMMON_BLOCKS = YES;
				GCC_OPTIMIZATION_LEVEL = 0;
				GCC_PREPROCESSOR_DEFINITIONS = (
					"DEBUG=1",
					"$(inherited)",
				);
				GCC_WARN_64_TO_32_BIT_CONVERSION = YES;
				GCC_WARN_ABOUT_RETURN_TYPE = YES_ERROR;
				GCC_WARN_UNDECLARED_SELECTOR = YES;
				GCC_WARN_UNINITIALIZED_AUTOS = YES_AGGRESSIVE;
				GCC_WARN_UNUSED_FUNCTION = YES;
				GCC_WARN_UNUSED_VARIABLE = YES;
				IPHONEOS_DEPLOYMENT_TARGET = 11.2;
				MTL_ENABLE_DEBUG_INFO = YES;
				ONLY_ACTIVE_ARCH = YES;
				SDKROOT = iphoneos;
				SWIFT_ACTIVE_COMPILATION_CONDITIONS = DEBUG;
				SWIFT_OPTIMIZATION_LEVEL = "-Onone";
			};
			name = Debug;
		};
		04E159EA2029BC4900AE9D1A /* Release */ = {
			isa = XCBuildConfiguration;
			buildSettings = {
				ALWAYS_SEARCH_USER_PATHS = NO;
				CLANG_ANALYZER_NONNULL = YES;
				CLANG_ANALYZER_NUMBER_OBJECT_CONVERSION = YES_AGGRESSIVE;
				CLANG_CXX_LANGUAGE_STANDARD = "gnu++14";
				CLANG_CXX_LIBRARY = "libc++";
				CLANG_ENABLE_MODULES = YES;
				CLANG_ENABLE_OBJC_ARC = YES;
				CLANG_WARN_BLOCK_CAPTURE_AUTORELEASING = YES;
				CLANG_WARN_BOOL_CONVERSION = YES;
				CLANG_WARN_COMMA = YES;
				CLANG_WARN_CONSTANT_CONVERSION = YES;
				CLANG_WARN_DIRECT_OBJC_ISA_USAGE = YES_ERROR;
				CLANG_WARN_DOCUMENTATION_COMMENTS = YES;
				CLANG_WARN_EMPTY_BODY = YES;
				CLANG_WARN_ENUM_CONVERSION = YES;
				CLANG_WARN_INFINITE_RECURSION = YES;
				CLANG_WARN_INT_CONVERSION = YES;
				CLANG_WARN_NON_LITERAL_NULL_CONVERSION = YES;
				CLANG_WARN_OBJC_LITERAL_CONVERSION = YES;
				CLANG_WARN_OBJC_ROOT_CLASS = YES_ERROR;
				CLANG_WARN_RANGE_LOOP_ANALYSIS = YES;
				CLANG_WARN_STRICT_PROTOTYPES = YES;
				CLANG_WARN_SUSPICIOUS_MOVE = YES;
				CLANG_WARN_UNGUARDED_AVAILABILITY = YES_AGGRESSIVE;
				CLANG_WARN_UNREACHABLE_CODE = YES;
				CLANG_WARN__DUPLICATE_METHOD_MATCH = YES;
				CODE_SIGN_IDENTITY = "iPhone Developer";
				COPY_PHASE_STRIP = NO;
				DEBUG_INFORMATION_FORMAT = "dwarf-with-dsym";
				ENABLE_NS_ASSERTIONS = NO;
				ENABLE_STRICT_OBJC_MSGSEND = YES;
				GCC_C_LANGUAGE_STANDARD = gnu11;
				GCC_NO_COMMON_BLOCKS = YES;
				GCC_WARN_64_TO_32_BIT_CONVERSION = YES;
				GCC_WARN_ABOUT_RETURN_TYPE = YES_ERROR;
				GCC_WARN_UNDECLARED_SELECTOR = YES;
				GCC_WARN_UNINITIALIZED_AUTOS = YES_AGGRESSIVE;
				GCC_WARN_UNUSED_FUNCTION = YES;
				GCC_WARN_UNUSED_VARIABLE = YES;
				IPHONEOS_DEPLOYMENT_TARGET = 11.2;
				MTL_ENABLE_DEBUG_INFO = NO;
				SDKROOT = iphoneos;
				SWIFT_OPTIMIZATION_LEVEL = "-Owholemodule";
				VALIDATE_PRODUCT = YES;
			};
			name = Release;
		};
		04E159EC2029BC4900AE9D1A /* Debug */ = {
			isa = XCBuildConfiguration;
			baseConfigurationReference = CAAEAF69095309D5710AB431 /* Pods-barCodes.debug.xcconfig */;
			buildSettings = {
				ASSETCATALOG_COMPILER_APPICON_NAME = AppIcon;
				CLANG_ENABLE_MODULES = YES;
				CODE_SIGN_STYLE = Automatic;
				DEVELOPMENT_TEAM = CSMBE4NXW6;
				INFOPLIST_FILE = barCodes/Info.plist;
				LD_RUNPATH_SEARCH_PATHS = "$(inherited) @executable_path/Frameworks";
				PRODUCT_BUNDLE_IDENTIFIER = NG.com.barCodes;
				PRODUCT_NAME = "$(TARGET_NAME)";
				SWIFT_OBJC_BRIDGING_HEADER = "barCodes/barCodes-Bridging-Header.h";
				SWIFT_OPTIMIZATION_LEVEL = "-Onone";
				SWIFT_VERSION = 4.0;
				TARGETED_DEVICE_FAMILY = "1,2";
			};
			name = Debug;
		};
		04E159ED2029BC4900AE9D1A /* Release */ = {
			isa = XCBuildConfiguration;
			baseConfigurationReference = 817F9CD971A09AC0CF8A5450 /* Pods-barCodes.release.xcconfig */;
			buildSettings = {
				ASSETCATALOG_COMPILER_APPICON_NAME = AppIcon;
				CLANG_ENABLE_MODULES = YES;
				CODE_SIGN_STYLE = Automatic;
				DEVELOPMENT_TEAM = CSMBE4NXW6;
				INFOPLIST_FILE = barCodes/Info.plist;
				LD_RUNPATH_SEARCH_PATHS = "$(inherited) @executable_path/Frameworks";
				PRODUCT_BUNDLE_IDENTIFIER = NG.com.barCodes;
				PRODUCT_NAME = "$(TARGET_NAME)";
				SWIFT_OBJC_BRIDGING_HEADER = "barCodes/barCodes-Bridging-Header.h";
				SWIFT_VERSION = 4.0;
				TARGETED_DEVICE_FAMILY = "1,2";
			};
			name = Release;
		};
/* End XCBuildConfiguration section */

/* Begin XCConfigurationList section */
		04E159D42029BC4800AE9D1A /* Build configuration list for PBXProject "barCodes" */ = {
			isa = XCConfigurationList;
			buildConfigurations = (
				04E159E92029BC4900AE9D1A /* Debug */,
				04E159EA2029BC4900AE9D1A /* Release */,
			);
			defaultConfigurationIsVisible = 0;
			defaultConfigurationName = Release;
		};
		04E159EB2029BC4900AE9D1A /* Build configuration list for PBXNativeTarget "barCodes" */ = {
			isa = XCConfigurationList;
			buildConfigurations = (
				04E159EC2029BC4900AE9D1A /* Debug */,
				04E159ED2029BC4900AE9D1A /* Release */,
			);
			defaultConfigurationIsVisible = 0;
			defaultConfigurationName = Release;
		};
/* End XCConfigurationList section */
	};
	rootObject = 04E159D12029BC4800AE9D1A /* Project object */;
}
